github.com/ChimeraCoder/gojson v1.1.0 h1:/6S8djl/jColpJGTYniA3xrqJWuKeyEozzPtpr5L4Pw=
github.com/ChimeraCoder/gojson v1.1.0/go.mod h1:nYbTQlu6hv8PETM15J927yM0zGj3njIldp72UT1MqSw=
github.com/Pivot-Studio/gojsonconfig v0.0.0-20201213172355-6c5489e7872b h1:TQrYwjWtRdHQjMKUuJSf3x4HtKGTRAAMmebKa8rUHCU=
github.com/Pivot-Studio/gojsonconfig v0.0.0-20201213172355-6c5489e7872b/go.mod h1:SXaRlNOz3lPYa+M+3omNgPLdsFYfYnDEdIFuBACsTGQ=
github.com/golang-collections/collections v0.0.0-20130729185459-604e922904d3 h1:zN2lZNZRflqFyxVaTIU61KNKQ9C0055u9CAfpmqUvo4=
github.com/golang-collections/collections v0.0.0-20130729185459-604e922904d3/go.mod h1:nPpo7qLxd6XL3hWJG/O60sR8ZKfMCiIoNap5GvD12KU=
github.com/jessevdk/go-flags v1.4.0 h1:4IU2WS7AumrZ/40jfhf4QVDMsQwqA7VEHozFRrGARJA=
github.com/jessevdk/go-flags v1.4.0/go.mod h1:4FA24M0QyGHXBuZZK/XkWh8h0e1EYbRYJSGM75WSRxI=
gopkg.in/check.v1 v0.0.0-20161208181325-20d25e280405/go.mod h1:Co6ibVJAznAaIkqp8huTwlJQCZ016jof/cbN4VW5Yz0=
gopkg.in/yaml.v2 v2.4.0 h1:D8xgwECY7CYvx+Y2n4sBz93Jn9JRvxdiyyo8CTfuKaY=
gopkg.in/yaml.v2 v2.4.0/go.mod h1:RDklbk79AGWmwhnvt/jBztapEOGDOx6ZbXqjP6csGnQ=
